{
  "originHash" : "88d7673b251b3cbb9c40069df64b8e0aa1c4062dac38b066e5314b1847241136",
  "pins" : [
    {
      "identity" : "kmp-observableviewmodel",
      "kind" : "remoteSourceControl",
      "location" : "https://github.com/rickclephas/KMP-ObservableViewModel.git",
      "state" : {
        "revision" : "adca37e1bcd80a4e9dc6ee5f5cfd27b81201f8e6",
        "version" : "1.0.0-BETA-14"
      }
    }
  ],
  "version" : 3
}
