{
  "originHash" : "88d7673b251b3cbb9c40069df64b8e0aa1c4062dac38b066e5314b1847241136",
  "pins" : [
    {
      "identity" : "kmp-observableviewmodel",
      "kind" : "remoteSourceControl",
      "location" : "https://github.com/rickclephas/KMP-ObservableViewModel.git",
      "state" : {
        "revision" : "f6f15e942f9e231aa0c650d6b82024984573046c",
        "version" : "1.0.0"
      }
    }
  ],
  "version" : 3
}
