{
  "originHash" : "88d7673b251b3cbb9c40069df64b8e0aa1c4062dac38b066e5314b1847241136",
  "pins" : [
    {
      "identity" : "kmp-observableviewmodel",
      "kind" : "remoteSourceControl",
      "location" : "https://github.com/rickclephas/KMP-ObservableViewModel.git",
      "state" : {
        "revision" : "4515918e84556c234b057f26dcdc3478df99b487",
        "version" : "1.0.0-BETA-10"
      }
    }
  ],
  "version" : 3
}
